
Microsoft Visual Studio Solution File, Format Version 12.00
# Visual Studio Version 16
VisualStudioVersion = 16.0.29201.188
MinimumVisualStudioVersion = 10.0.40219.1
Project("{FAE04EC0-301F-11D3-BF4B-00C04F79EFBC}") = "API-Calculator", "API-Calculator.csproj", "{3BC3B263-DFF0-422B-90FE-086E9B42426A}"
EndProject
Global
	GlobalSection(SolutionConfigurationPlatforms) = preSolution
		Debug|Any CPU = Debug|Any CPU
		Release|Any CPU = Release|Any CPU
	EndGlobalSection
	GlobalSection(ProjectConfigurationPlatforms) = postSolution
		{3BC3B263-DFF0-422B-90FE-086E9B42426A}.Debug|Any CPU.ActiveCfg = Debug|Any CPU
		{3BC3B263-DFF0-422B-90FE-086E9B42426A}.Debug|Any CPU.Build.0 = Debug|Any CPU
		{3BC3B263-DFF0-422B-90FE-086E9B42426A}.Release|Any CPU.ActiveCfg = Release|Any CPU
		{3BC3B263-DFF0-422B-90FE-086E9B42426A}.Release|Any CPU.Build.0 = Release|Any CPU
	EndGlobalSection
	GlobalSection(SolutionProperties) = preSolution
		HideSolutionNode = FALSE
	EndGlobalSection
	GlobalSection(ExtensibilityGlobals) = postSolution
		SolutionGuid = {F4AECF8E-13EA-4528-9216-F0722EC346A3}
	EndGlobalSection
EndGlobal
